// !$*UTF8*$!
{
	archiveVersion = 1;
	classes = {
	};
	objectVersion = 50;
	objects = {

/* Begin PBXBuildFile section */
		8D474888229645C200A9E715 /* AppDelegate.swift in Sources */ = {isa = PBXBuildFile; fileRef = 8D474887229645C200A9E715 /* AppDelegate.swift */; };
		8D47488A229645C200A9E715 /* ViewController.swift in Sources */ = {isa = PBXBuildFile; fileRef = 8D474889229645C200A9E715 /* ViewController.swift */; };
		8D47488D229645C200A9E715 /* Main.storyboard in Resources */ = {isa = PBXBuildFile; fileRef = 8D47488B229645C200A9E715 /* Main.storyboard */; };
		8D47488F229645C800A9E715 /* Assets.xcassets in Resources */ = {isa = PBXBuildFile; fileRef = 8D47488E229645C800A9E715 /* Assets.xcassets */; };
		8D474892229645C800A9E715 /* LaunchScreen.storyboard in Resources */ = {isa = PBXBuildFile; fileRef = 8D474890229645C800A9E715 /* LaunchScreen.storyboard */; };
		8D8FDD2F22979CD10070A4F1 /* Dog.swift in Sources */ = {isa = PBXBuildFile; fileRef = 8D8FDD2E22979CD10070A4F1 /* Dog.swift */; };
		C99CE58F440E61A89360C510 /* Pods_realmDemo.framework in Frameworks */ = {isa = PBXBuildFile; fileRef = 694C306FF822AE92DE6E8161 /* Pods_realmDemo.framework */; };
/* End PBXBuildFile section */

/* Begin PBXFileReference section */
		0CC985B23655B5B26E2E3A96 /* Pods-realmDemo.release.xcconfig */ = {isa = PBXFileReference; includeInIndex = 1; lastKnownFileType = text.xcconfig; name = "Pods-realmDemo.release.xcconfig"; path = "Pods/Target Support Files/Pods-realmDemo/Pods-realmDemo.release.xcconfig"; sourceTree = "<group>"; };
		4E264BAECA3153FC38A52332 /* Pods-realmDemo.debug.xcconfig */ = {isa = PBXFileReference; includeInIndex = 1; lastKnownFileType = text.xcconfig; name = "Pods-realmDemo.debug.xcconfig"; path = "Pods/Target Support Files/Pods-realmDemo/Pods-realmDemo.debug.xcconfig"; sourceTree = "<group>"; };
		694C306FF822AE92DE6E8161 /* Pods_realmDemo.framework */ = {isa = PBXFileReference; explicitFileType = wrapper.framework; includeInIndex = 0; path = Pods_realmDemo.framework; sourceTree = BUILT_PRODUCTS_DIR; };
		8D474884229645C200A9E715 /* realmDemo.app */ = {isa = PBXFileReference; explicitFileType = wrapper.application; includeInIndex = 0; path = realmDemo.app; sourceTree = BUILT_PRODUCTS_DIR; };
		8D474887229645C200A9E715 /* AppDelegate.swift */ = {isa = PBXFileReference; lastKnownFileType = sourcecode.swift; path = AppDelegate.swift; sourceTree = "<group>"; };
		8D474889229645C200A9E715 /* ViewController.swift */ = {isa = PBXFileReference; lastKnownFileType = sourcecode.swift; path = ViewController.swift; sourceTree = "<group>"; };
		8D47488C229645C200A9E715 /* Base */ = {isa = PBXFileReference; lastKnownFileType = file.storyboard; name = Base; path = Base.lproj/Main.storyboard; sourceTree = "<group>"; };
		8D47488E229645C800A9E715 /* Assets.xcassets */ = {isa = PBXFileReference; lastKnownFileType = folder.assetcatalog; path = Assets.xcassets; sourceTree = "<group>"; };
		8D474891229645C800A9E715 /* Base */ = {isa = PBXFileReference; lastKnownFileType = file.storyboard; name = Base; path = Base.lproj/LaunchScreen.storyboard; sourceTree = "<group>"; };
		8D474893229645C800A9E715 /* Info.plist */ = {isa = PBXFileReference; lastKnownFileType = text.plist.xml; path = Info.plist; sourceTree = "<group>"; };
		8D8FDD2E22979CD10070A4F1 /* Dog.swift */ = {isa = PBXFileReference; lastKnownFileType = sourcecode.swift; path = Dog.swift; sourceTree = "<group>"; };
/* End PBXFileReference section */

/* Begin PBXFrameworksBuildPhase section */
		8D474881229645C200A9E715 /* Frameworks */ = {
			isa = PBXFrameworksBuildPhase;
			buildActionMask = 2147483647;
			files = (
				C99CE58F440E61A89360C510 /* Pods_realmDemo.framework in Frameworks */,
			);
			runOnlyForDeploymentPostprocessing = 0;
		};
/* End PBXFrameworksBuildPhase section */

/* Begin PBXGroup section */
		8D47487B229645C200A9E715 = {
			isa = PBXGroup;
			children = (
				8D474886229645C200A9E715 /* realmDemo */,
				8D474885229645C200A9E715 /* Products */,
				FA076628D9266423FC58A1B8 /* Pods */,
				B04B3D5A38D434512EE148CE /* Frameworks */,
			);
			sourceTree = "<group>";
		};
		8D474885229645C200A9E715 /* Products */ = {
			isa = PBXGroup;
			children = (
				8D474884229645C200A9E715 /* realmDemo.app */,
			);
			name = Products;
			sourceTree = "<group>";
		};
		8D474886229645C200A9E715 /* realmDemo */ = {
			isa = PBXGroup;
			children = (
				8D8FDD2D22979CAD0070A4F1 /* model */,
				8D474887229645C200A9E715 /* AppDelegate.swift */,
				8D474889229645C200A9E715 /* ViewController.swift */,
				8D47488B229645C200A9E715 /* Main.storyboard */,
				8D47488E229645C800A9E715 /* Assets.xcassets */,
				8D474890229645C800A9E715 /* LaunchScreen.storyboard */,
				8D474893229645C800A9E715 /* Info.plist */,
			);
			path = realmDemo;
			sourceTree = "<group>";
		};
		8D8FDD2D22979CAD0070A4F1 /* model */ = {
			isa = PBXGroup;
			children = (
				8D8FDD2E22979CD10070A4F1 /* Dog.swift */,
			);
			path = model;
			sourceTree = "<group>";
		};
		B04B3D5A38D434512EE148CE /* Frameworks */ = {
			isa = PBXGroup;
			children = (
				694C306FF822AE92DE6E8161 /* Pods_realmDemo.framework */,
			);
			name = Frameworks;
			sourceTree = "<group>";
		};
		FA076628D9266423FC58A1B8 /* Pods */ = {
			isa = PBXGroup;
			children = (
				4E264BAECA3153FC38A52332 /* Pods-realmDemo.debug.xcconfig */,
				0CC985B23655B5B26E2E3A96 /* Pods-realmDemo.release.xcconfig */,
			);
			name = Pods;
			sourceTree = "<group>";
		};
/* End PBXGroup section */

/* Begin PBXNativeTarget section */
		8D474883229645C200A9E715 /* realmDemo */ = {
			isa = PBXNativeTarget;
			buildConfigurationList = 8D474896229645C800A9E715 /* Build configuration list for PBXNativeTarget "realmDemo" */;
			buildPhases = (
				719C8B0D5108F06EAC9949D5 /* [CP] Check Pods Manifest.lock */,
				8D474880229645C200A9E715 /* Sources */,
				8D474881229645C200A9E715 /* Frameworks */,
				8D474882229645C200A9E715 /* Resources */,
				855909FAF33D3333D7D79225 /* [CP] Embed Pods Frameworks */,
			);
			buildRules = (
			);
			dependencies = (
			);
			name = realmDemo;
			productName = realmDemo;
			productReference = 8D474884229645C200A9E715 /* realmDemo.app */;
			productType = "com.apple.product-type.application";
		};
/* End PBXNativeTarget section */

/* Begin PBXProject section */
		8D47487C229645C200A9E715 /* Project object */ = {
			isa = PBXProject;
			attributes = {
				LastSwiftUpdateCheck = 1020;
				LastUpgradeCheck = 1020;
				ORGANIZATIONNAME = amberoot;
				TargetAttributes = {
					8D474883229645C200A9E715 = {
						CreatedOnToolsVersion = 10.2.1;
					};
				};
			};
			buildConfigurationList = 8D47487F229645C200A9E715 /* Build configuration list for PBXProject "realmDemo" */;
			compatibilityVersion = "Xcode 9.3";
			developmentRegion = en;
			hasScannedForEncodings = 0;
			knownRegions = (
				en,
				Base,
			);
			mainGroup = 8D47487B229645C200A9E715;
			productRefGroup = 8D474885229645C200A9E715 /* Products */;
			projectDirPath = "";
			projectRoot = "";
			targets = (
				8D474883229645C200A9E715 /* realmDemo */,
			);
		};
/* End PBXProject section */

/* Begin PBXResourcesBuildPhase section */
		8D474882229645C200A9E715 /* Resources */ = {
			isa = PBXResourcesBuildPhase;
			buildActionMask = 2147483647;
			files = (
				8D474892229645C800A9E715 /* LaunchScreen.storyboard in Resources */,
				8D47488F229645C800A9E715 /* Assets.xcassets in Resources */,
				8D47488D229645C200A9E715 /* Main.storyboard in Resources */,
			);
			runOnlyForDeploymentPostprocessing = 0;
		};
/* End PBXResourcesBuildPhase section */

/* Begin PBXShellScriptBuildPhase section */
		719C8B0D5108F06EAC9949D5 /* [CP] Check Pods Manifest.lock */ = {
			isa = PBXShellScriptBuildPhase;
			buildActionMask = 2147483647;
			files = (
			);
			inputFileListPaths = (
			);
			inputPaths = (
				"${PODS_PODFILE_DIR_PATH}/Podfile.lock",
				"${PODS_ROOT}/Manifest.lock",
			);
			name = "[CP] Check Pods Manifest.lock";
			outputFileListPaths = (
			);
			outputPaths = (
				"$(DERIVED_FILE_DIR)/Pods-realmDemo-checkManifestLockResult.txt",
			);
			runOnlyForDeploymentPostprocessing = 0;
			shellPath = /bin/sh;
			shellScript = "diff \"${PODS_PODFILE_DIR_PATH}/Podfile.lock\" \"${PODS_ROOT}/Manifest.lock\" > /dev/null\nif [ $? != 0 ] ; then\n    # print error to STDERR\n    echo \"error: The sandbox is not in sync with the Podfile.lock. Run 'pod install' or update your CocoaPods installation.\" >&2\n    exit 1\nfi\n# This output is used by Xcode 'outputs' to avoid re-running this script phase.\necho \"SUCCESS\" > \"${SCRIPT_OUTPUT_FILE_0}\"\n";
			showEnvVarsInLog = 0;
		};
		855909FAF33D3333D7D79225 /* [CP] Embed Pods Frameworks */ = {
			isa = PBXShellScriptBuildPhase;
			buildActionMask = 2147483647;
			files = (
			);
			inputFileListPaths = (
			);
			inputPaths = (
				"${SRCROOT}/Pods/Target Support Files/Pods-realmDemo/Pods-realmDemo-frameworks.sh",
				"${BUILT_PRODUCTS_DIR}/Realm/Realm.framework",
				"${BUILT_PRODUCTS_DIR}/RealmSwift/RealmSwift.framework",
			);
			name = "[CP] Embed Pods Frameworks";
			outputFileListPaths = (
			);
			outputPaths = (
				"${TARGET_BUILD_DIR}/${FRAMEWORKS_FOLDER_PATH}/Realm.framework",
				"${TARGET_BUILD_DIR}/${FRAMEWORKS_FOLDER_PATH}/RealmSwift.framework",
			);
			runOnlyForDeploymentPostprocessing = 0;
			shellPath = /bin/sh;
			shellScript = "\"${SRCROOT}/Pods/Target Support Files/Pods-realmDemo/Pods-realmDemo-frameworks.sh\"\n";
			showEnvVarsInLog = 0;
		};
/* End PBXShellScriptBuildPhase section */

/* Begin PBXSourcesBuildPhase section */
		8D474880229645C200A9E715 /* Sources */ = {
			isa = PBXSourcesBuildPhase;
			buildActionMask = 2147483647;
			files = (
				8D47488A229645C200A9E715 /* ViewController.swift in Sources */,
				8D474888229645C200A9E715 /* AppDelegate.swift in Sources */,
				8D8FDD2F22979CD10070A4F1 /* Dog.swift in Sources */,
			);
			runOnlyForDeploymentPostprocessing = 0;
		};
/* End PBXSourcesBuildPhase section */

/* Begin PBXVariantGroup section */
		8D47488B229645C200A9E715 /* Main.storyboard */ = {
			isa = PBXVariantGroup;
			children = (
				8D47488C229645C200A9E715 /* Base */,
			);
			name = Main.storyboard;
			sourceTree = "<group>";
		};
		8D474890229645C800A9E715 /* LaunchScreen.storyboard */ = {
			isa = PBXVariantGroup;
			children = (
				8D474891229645C800A9E715 /* Base */,
			);
			name = LaunchScreen.storyboard;
			sourceTree = "<group>";
		};
/* End PBXVariantGroup section */

/* Begin XCBuildConfiguration section */
		8D474894229645C800A9E715 /* Debug */ = {
			isa = XCBuildConfiguration;
			buildSettings = {
				ALWAYS_SEARCH_USER_PATHS = NO;
				CLANG_ANALYZER_NONNULL = YES;
				CLANG_ANALYZER_NUMBER_OBJECT_CONVERSION = YES_AGGRESSIVE;
				CLANG_CXX_LANGUAGE_STANDARD = "gnu++14";
				CLANG_CXX_LIBRARY = "libc++";
				CLANG_ENABLE_MODULES = YES;
				CLANG_ENABLE_OBJC_ARC = YES;
				CLANG_ENABLE_OBJC_WEAK = YES;
				CLANG_WARN_BLOCK_CAPTURE_AUTORELEASING = YES;
				CLANG_WARN_BOOL_CONVERSION = YES;
				CLANG_WARN_COMMA = YES;
				CLANG_WARN_CONSTANT_CONVERSION = YES;
				CLANG_WARN_DEPRECATED_OBJC_IMPLEMENTATIONS = YES;
				CLANG_WARN_DIRECT_OBJC_ISA_USAGE = YES_ERROR;
				CLANG_WARN_DOCUMENTATION_COMMENTS = YES;
				CLANG_WARN_EMPTY_BODY = YES;
				CLANG_WARN_ENUM_CONVERSION = YES;
				CLANG_WARN_INFINITE_RECURSION = YES;
				CLANG_WARN_INT_CONVERSION = YES;
				CLANG_WARN_NON_LITERAL_NULL_CONVERSION = YES;
				CLANG_WARN_OBJC_IMPLICIT_RETAIN_SELF = YES;
				CLANG_WARN_OBJC_LITERAL_CONVERSION = YES;
				CLANG_WARN_OBJC_ROOT_CLASS = YES_ERROR;
				CLANG_WARN_RANGE_LOOP_ANALYSIS = YES;
				CLANG_WARN_STRICT_PROTOTYPES = YES;
				CLANG_WARN_SUSPICIOUS_MOVE = YES;
				CLANG_WARN_UNGUARDED_AVAILABILITY = YES_AGGRESSIVE;
				CLANG_WARN_UNREACHABLE_CODE = YES;
				CLANG_WARN__DUPLICATE_METHOD_MATCH = YES;
				CODE_SIGN_IDENTITY = "iPhone Developer";
				COPY_PHASE_STRIP = NO;
				DEBUG_INFORMATION_FORMAT = dwarf;
				ENABLE_STRICT_OBJC_MSGSEND = YES;
				ENABLE_TESTABILITY = YES;
				GCC_C_LANGUAGE_STANDARD = gnu11;
				GCC_DYNAMIC_NO_PIC = NO;
				GCC_NO_COMMON_BLOCKS = YES;
				GCC_OPTIMIZATION_LEVEL = 0;
				GCC_PREPROCESSOR_DEFINITIONS = (
					"DEBUG=1",
					"$(inherited)",
				);
				GCC_WARN_64_TO_32_BIT_CONVERSION = YES;
				GCC_WARN_ABOUT_RETURN_TYPE = YES_ERROR;
				GCC_WARN_UNDECLARED_SELECTOR = YES;
				GCC_WARN_UNINITIALIZED_AUTOS = YES_AGGRESSIVE;
				GCC_WARN_UNUSED_FUNCTION = YES;
				GCC_WARN_UNUSED_VARIABLE = YES;
				IPHONEOS_DEPLOYMENT_TARGET = 12.2;
				MTL_ENABLE_DEBUG_INFO = INCLUDE_SOURCE;
				MTL_FAST_MATH = YES;
				ONLY_ACTIVE_ARCH = YES;
				SDKROOT = iphoneos;
				SWIFT_ACTIVE_COMPILATION_CONDITIONS = DEBUG;
				SWIFT_OPTIMIZATION_LEVEL = "-Onone";
			};
			name = Debug;
		};
		8D474895229645C800A9E715 /* Release */ = {
			isa = XCBuildConfiguration;
			buildSettings = {
				ALWAYS_SEARCH_USER_PATHS = NO;
				CLANG_ANALYZER_NONNULL = YES;
				CLANG_ANALYZER_NUMBER_OBJECT_CONVERSION = YES_AGGRESSIVE;
				CLANG_CXX_LANGUAGE_STANDARD = "gnu++14";
				CLANG_CXX_LIBRARY = "libc++";
				CLANG_ENABLE_MODULES = YES;
				CLANG_ENABLE_OBJC_ARC = YES;
				CLANG_ENABLE_OBJC_WEAK = YES;
				CLANG_WARN_BLOCK_CAPTURE_AUTORELEASING = YES;
				CLANG_WARN_BOOL_CONVERSION = YES;
				CLANG_WARN_COMMA = YES;
				CLANG_WARN_CONSTANT_CONVERSION = YES;
				CLANG_WARN_DEPRECATED_OBJC_IMPLEMENTATIONS = YES;
				CLANG_WARN_DIRECT_OBJC_ISA_USAGE = YES_ERROR;
				CLANG_WARN_DOCUMENTATION_COMMENTS = YES;
				CLANG_WARN_EMPTY_BODY = YES;
				CLANG_WARN_ENUM_CONVERSION = YES;
				CLANG_WARN_INFINITE_RECURSION = YES;
				CLANG_WARN_INT_CONVERSION = YES;
				CLANG_WARN_NON_LITERAL_NULL_CONVERSION = YES;
				CLANG_WARN_OBJC_IMPLICIT_RETAIN_SELF = YES;
				CLANG_WARN_OBJC_LITERAL_CONVERSION = YES;
				CLANG_WARN_OBJC_ROOT_CLASS = YES_ERROR;
				CLANG_WARN_RANGE_LOOP_ANALYSIS = YES;
				CLANG_WARN_STRICT_PROTOTYPES = YES;
				CLANG_WARN_SUSPICIOUS_MOVE = YES;
				CLANG_WARN_UNGUARDED_AVAILABILITY = YES_AGGRESSIVE;
				CLANG_WARN_UNREACHABLE_CODE = YES;
				CLANG_WARN__DUPLICATE_METHOD_MATCH = YES;
				CODE_SIGN_IDENTITY = "iPhone Developer";
				COPY_PHASE_STRIP = NO;
				DEBUG_INFORMATION_FORMAT = "dwarf-with-dsym";
				ENABLE_NS_ASSERTIONS = NO;
				ENABLE_STRICT_OBJC_MSGSEND = YES;
				GCC_C_LANGUAGE_STANDARD = gnu11;
				GCC_NO_COMMON_BLOCKS = YES;
				GCC_WARN_64_TO_32_BIT_CONVERSION = YES;
				GCC_WARN_ABOUT_RETURN_TYPE = YES_ERROR;
				GCC_WARN_UNDECLARED_SELECTOR = YES;
				GCC_WARN_UNINITIALIZED_AUTOS = YES_AGGRESSIVE;
				GCC_WARN_UNUSED_FUNCTION = YES;
				GCC_WARN_UNUSED_VARIABLE = YES;
				IPHONEOS_DEPLOYMENT_TARGET = 12.2;
				MTL_ENABLE_DEBUG_INFO = NO;
				MTL_FAST_MATH = YES;
				SDKROOT = iphoneos;
				SWIFT_COMPILATION_MODE = wholemodule;
				SWIFT_OPTIMIZATION_LEVEL = "-O";
				VALIDATE_PRODUCT = YES;
			};
			name = Release;
		};
		8D474897229645C800A9E715 /* Debug */ = {
			isa = XCBuildConfiguration;
			baseConfigurationReference = 4E264BAECA3153FC38A52332 /* Pods-realmDemo.debug.xcconfig */;
			buildSettings = {
				ASSETCATALOG_COMPILER_APPICON_NAME = AppIcon;
				CODE_SIGN_STYLE = Automatic;
				DEVELOPMENT_TEAM = 6SG4D462ZQ;
				INFOPLIST_FILE = realmDemo/Info.plist;
				LD_RUNPATH_SEARCH_PATHS = (
					"$(inherited)",
					"@executable_path/Frameworks",
				);
				PRODUCT_BUNDLE_IDENTIFIER = com.amberoot.realmDemo;
				PRODUCT_NAME = "$(TARGET_NAME)";
				SWIFT_VERSION = 5.0;
				TARGETED_DEVICE_FAMILY = "1,2";
			};
			name = Debug;
		};
		8D474898229645C800A9E715 /* Release */ = {
			isa = XCBuildConfiguration;
			baseConfigurationReference = 0CC985B23655B5B26E2E3A96 /* Pods-realmDemo.release.xcconfig */;
			buildSettings = {
				ASSETCATALOG_COMPILER_APPICON_NAME = AppIcon;
				CODE_SIGN_STYLE = Automatic;
				DEVELOPMENT_TEAM = 6SG4D462ZQ;
				INFOPLIST_FILE = realmDemo/Info.plist;
				LD_RUNPATH_SEARCH_PATHS = (
					"$(inherited)",
					"@executable_path/Frameworks",
				);
				PRODUCT_BUNDLE_IDENTIFIER = com.amberoot.realmDemo;
				PRODUCT_NAME = "$(TARGET_NAME)";
				SWIFT_VERSION = 5.0;
				TARGETED_DEVICE_FAMILY = "1,2";
			};
			name = Release;
		};
/* End XCBuildConfiguration section */

/* Begin XCConfigurationList section */
		8D47487F229645C200A9E715 /* Build configuration list for PBXProject "realmDemo" */ = {
			isa = XCConfigurationList;
			buildConfigurations = (
				8D474894229645C800A9E715 /* Debug */,
				8D474895229645C800A9E715 /* Release */,
			);
			defaultConfigurationIsVisible = 0;
			defaultConfigurationName = Release;
		};
		8D474896229645C800A9E715 /* Build configuration list for PBXNativeTarget "realmDemo" */ = {
			isa = XCConfigurationList;
			buildConfigurations = (
				8D474897229645C800A9E715 /* Debug */,
				8D474898229645C800A9E715 /* Release */,
			);
			defaultConfigurationIsVisible = 0;
			defaultConfigurationName = Release;
		};
/* End XCConfigurationList section */
	};
	rootObject = 8D47487C229645C200A9E715 /* Project object */;
}
